// !$*UTF8*$!
{
	archiveVersion = 1;
	classes = {
	};
	objectVersion = 46;
	objects = {

/* Begin PBXBuildFile section */
		5761D86E19DB1796007DD786 /* AppDelegate.swift in Sources */ = {isa = PBXBuildFile; fileRef = 5761D86D19DB1796007DD786 /* AppDelegate.swift */; };
		5761D88419DB1796007DD786 /* HeadFirstDesignPatternsTests.swift in Sources */ = {isa = PBXBuildFile; fileRef = 5761D88319DB1796007DD786 /* HeadFirstDesignPatternsTests.swift */; };
		5761D88E19DB18E7007DD786 /* main.swift in Sources */ = {isa = PBXBuildFile; fileRef = 5761D88D19DB18E7007DD786 /* main.swift */; };
		5761D8BB19DB190E007DD786 /* CheesePizza.swift in Sources */ = {isa = PBXBuildFile; fileRef = 5761D88F19DB190E007DD786 /* CheesePizza.swift */; };
		5761D8BC19DB190E007DD786 /* GreekPizza.swift in Sources */ = {isa = PBXBuildFile; fileRef = 5761D89019DB190E007DD786 /* GreekPizza.swift */; };
		5761D8BD19DB190E007DD786 /* PepperoniPizza.swift in Sources */ = {isa = PBXBuildFile; fileRef = 5761D89119DB190E007DD786 /* PepperoniPizza.swift */; };
		5761D8BE19DB190E007DD786 /* Pizza.swift in Sources */ = {isa = PBXBuildFile; fileRef = 5761D89219DB190E007DD786 /* Pizza.swift */; };
		5761D8BF19DB190E007DD786 /* PizzaOrder.swift in Sources */ = {isa = PBXBuildFile; fileRef = 5761D89319DB190E007DD786 /* PizzaOrder.swift */; };
		5761D8C019DB190E007DD786 /* Character in Resources */ = {isa = PBXBuildFile; fileRef = 5761D89419DB190E007DD786 /* Character */; };
		5761D8C119DB190E007DD786 /* DecoyDuck.swift in Sources */ = {isa = PBXBuildFile; fileRef = 5761D89519DB190E007DD786 /* DecoyDuck.swift */; };
		5761D8C219DB190E007DD786 /* DisplayElement.swift in Sources */ = {isa = PBXBuildFile; fileRef = 5761D89619DB190E007DD786 /* DisplayElement.swift */; };
		5761D8C319DB190E007DD786 /* Duck.swift in Sources */ = {isa = PBXBuildFile; fileRef = 5761D89719DB190E007DD786 /* Duck.swift */; };
		5761D8C419DB190E007DD786 /* DuckSimulator.swift in Sources */ = {isa = PBXBuildFile; fileRef = 5761D89819DB190E007DD786 /* DuckSimulator.swift */; };
		5761D8C519DB190E007DD786 /* FlyBehavior.swift in Sources */ = {isa = PBXBuildFile; fileRef = 5761D89919DB190E007DD786 /* FlyBehavior.swift */; };
		5761D8C619DB190E007DD786 /* FlyNoWay.swift in Sources */ = {isa = PBXBuildFile; fileRef = 5761D89A19DB190E007DD786 /* FlyNoWay.swift */; };
		5761D8C719DB190E007DD786 /* FlyRocketPowered.swift in Sources */ = {isa = PBXBuildFile; fileRef = 5761D89B19DB190E007DD786 /* FlyRocketPowered.swift */; };
		5761D8C819DB190E007DD786 /* FlyWithWings.swift in Sources */ = {isa = PBXBuildFile; fileRef = 5761D89C19DB190E007DD786 /* FlyWithWings.swift */; };
		5761D8C919DB190E007DD786 /* MallardDuck.swift in Sources */ = {isa = PBXBuildFile; fileRef = 5761D89D19DB190E007DD786 /* MallardDuck.swift */; };
		5761D8CA19DB190E007DD786 /* ModelDuck.swift in Sources */ = {isa = PBXBuildFile; fileRef = 5761D89E19DB190E007DD786 /* ModelDuck.swift */; };
		5761D8CB19DB190E007DD786 /* MuteQuack.swift in Sources */ = {isa = PBXBuildFile; fileRef = 5761D89F19DB190E007DD786 /* MuteQuack.swift */; };
		5761D8CC19DB190E007DD786 /* Quack.swift in Sources */ = {isa = PBXBuildFile; fileRef = 5761D8A019DB190E007DD786 /* Quack.swift */; };
		5761D8CD19DB190E007DD786 /* QuackBehavior.swift in Sources */ = {isa = PBXBuildFile; fileRef = 5761D8A119DB190E007DD786 /* QuackBehavior.swift */; };
		5761D8CE19DB190E007DD786 /* RedheadDuck.swift in Sources */ = {isa = PBXBuildFile; fileRef = 5761D8A219DB190E007DD786 /* RedheadDuck.swift */; };
		5761D8CF19DB190E007DD786 /* RubberDuck.swift in Sources */ = {isa = PBXBuildFile; fileRef = 5761D8A319DB190E007DD786 /* RubberDuck.swift */; };
		5761D8D019DB190E007DD786 /* Squeak.swift in Sources */ = {isa = PBXBuildFile; fileRef = 5761D8A419DB190E007DD786 /* Squeak.swift */; };
		5761D8D119DB190E007DD786 /* myImage.png in Resources */ = {isa = PBXBuildFile; fileRef = 5761D8A519DB190E007DD786 /* myImage.png */; };
		5761D8D219DB190E007DD786 /* Beverage.swift in Sources */ = {isa = PBXBuildFile; fileRef = 5761D8A619DB190E007DD786 /* Beverage.swift */; };
		5761D8D319DB190E007DD786 /* CondimentDecorator.swift in Sources */ = {isa = PBXBuildFile; fileRef = 5761D8A719DB190E007DD786 /* CondimentDecorator.swift */; };
		5761D8D419DB190E007DD786 /* CurrentConditionsDisplay.swift in Sources */ = {isa = PBXBuildFile; fileRef = 5761D8A819DB190E007DD786 /* CurrentConditionsDisplay.swift */; };
		5761D8D519DB190E007DD786 /* DarkRoast.swift in Sources */ = {isa = PBXBuildFile; fileRef = 5761D8A919DB190E007DD786 /* DarkRoast.swift */; };
		5761D8D619DB190E007DD786 /* Decaf.swift in Sources */ = {isa = PBXBuildFile; fileRef = 5761D8AA19DB190E007DD786 /* Decaf.swift */; };
		5761D8D719DB190E007DD786 /* Espresso.swift in Sources */ = {isa = PBXBuildFile; fileRef = 5761D8AB19DB190E007DD786 /* Espresso.swift */; };
		5761D8D819DB190E007DD786 /* HouseBlend.swift in Sources */ = {isa = PBXBuildFile; fileRef = 5761D8AC19DB190E007DD786 /* HouseBlend.swift */; };
		5761D8D919DB190E007DD786 /* Mocha.swift in Sources */ = {isa = PBXBuildFile; fileRef = 5761D8AD19DB190E007DD786 /* Mocha.swift */; };
		5761D8DA19DB190E007DD786 /* Size.swift in Sources */ = {isa = PBXBuildFile; fileRef = 5761D8AE19DB190E007DD786 /* Size.swift */; };
		5761D8DB19DB190E007DD786 /* Soy.swift in Sources */ = {isa = PBXBuildFile; fileRef = 5761D8AF19DB190E007DD786 /* Soy.swift */; };
		5761D8DC19DB190E007DD786 /* StarbuzzCoffeeSimulator.swift in Sources */ = {isa = PBXBuildFile; fileRef = 5761D8B019DB190E007DD786 /* StarbuzzCoffeeSimulator.swift */; };
		5761D8DD19DB190E007DD786 /* SteamedMilk.swift in Sources */ = {isa = PBXBuildFile; fileRef = 5761D8B119DB190E007DD786 /* SteamedMilk.swift */; };
		5761D8DE19DB190E007DD786 /* Whip.swift in Sources */ = {isa = PBXBuildFile; fileRef = 5761D8B219DB190E007DD786 /* Whip.swift */; };
		5761D8DF19DB190E007DD786 /* ForecastDisplay.swift in Sources */ = {isa = PBXBuildFile; fileRef = 5761D8B319DB190E007DD786 /* ForecastDisplay.swift */; };
		5761D8E019DB190E007DD786 /* HeatIndexDisplay.swift in Sources */ = {isa = PBXBuildFile; fileRef = 5761D8B419DB190E007DD786 /* HeatIndexDisplay.swift */; };
		5761D8E119DB190E007DD786 /* Observer.swift in Sources */ = {isa = PBXBuildFile; fileRef = 5761D8B519DB190E007DD786 /* Observer.swift */; };
		5761D8E219DB190E007DD786 /* StatisticsDisplay.swift in Sources */ = {isa = PBXBuildFile; fileRef = 5761D8B619DB190E007DD786 /* StatisticsDisplay.swift */; };
		5761D8E319DB190E007DD786 /* Subject.swift in Sources */ = {isa = PBXBuildFile; fileRef = 5761D8B719DB190E007DD786 /* Subject.swift */; };
		5761D8E419DB190E007DD786 /* ThirdPartyDisplay.swift in Sources */ = {isa = PBXBuildFile; fileRef = 5761D8B819DB190E007DD786 /* ThirdPartyDisplay.swift */; };
		5761D8E519DB190E007DD786 /* WeatherData.swift in Sources */ = {isa = PBXBuildFile; fileRef = 5761D8B919DB190E007DD786 /* WeatherData.swift */; };
		5761D8E619DB190E007DD786 /* WeatherSimulator.swift in Sources */ = {isa = PBXBuildFile; fileRef = 5761D8BA19DB190E007DD786 /* WeatherSimulator.swift */; };
/* End PBXBuildFile section */

/* Begin PBXContainerItemProxy section */
		5761D87E19DB1796007DD786 /* PBXContainerItemProxy */ = {
			isa = PBXContainerItemProxy;
			containerPortal = 5761D86019DB1796007DD786 /* Project object */;
			proxyType = 1;
			remoteGlobalIDString = 5761D86719DB1796007DD786;
			remoteInfo = HeadFirstDesignPatterns;
		};
/* End PBXContainerItemProxy section */

/* Begin PBXFileReference section */
		5761D86819DB1796007DD786 /* HeadFirstDesignPatterns.app */ = {isa = PBXFileReference; explicitFileType = wrapper.application; includeInIndex = 0; path = HeadFirstDesignPatterns.app; sourceTree = BUILT_PRODUCTS_DIR; };
		5761D86C19DB1796007DD786 /* Info.plist */ = {isa = PBXFileReference; lastKnownFileType = text.plist.xml; path = Info.plist; sourceTree = "<group>"; };
		5761D86D19DB1796007DD786 /* AppDelegate.swift */ = {isa = PBXFileReference; lastKnownFileType = sourcecode.swift; path = AppDelegate.swift; sourceTree = "<group>"; };
		5761D87D19DB1796007DD786 /* HeadFirstDesignPatternsTests.xctest */ = {isa = PBXFileReference; explicitFileType = wrapper.cfbundle; includeInIndex = 0; path = HeadFirstDesignPatternsTests.xctest; sourceTree = BUILT_PRODUCTS_DIR; };
		5761D88219DB1796007DD786 /* Info.plist */ = {isa = PBXFileReference; lastKnownFileType = text.plist.xml; path = Info.plist; sourceTree = "<group>"; };
		5761D88319DB1796007DD786 /* HeadFirstDesignPatternsTests.swift */ = {isa = PBXFileReference; lastKnownFileType = sourcecode.swift; path = HeadFirstDesignPatternsTests.swift; sourceTree = "<group>"; };
		5761D88D19DB18E7007DD786 /* main.swift */ = {isa = PBXFileReference; fileEncoding = 4; lastKnownFileType = sourcecode.swift; path = main.swift; sourceTree = "<group>"; };
		5761D88F19DB190E007DD786 /* CheesePizza.swift */ = {isa = PBXFileReference; fileEncoding = 4; lastKnownFileType = sourcecode.swift; path = CheesePizza.swift; sourceTree = "<group>"; };
		5761D89019DB190E007DD786 /* GreekPizza.swift */ = {isa = PBXFileReference; fileEncoding = 4; lastKnownFileType = sourcecode.swift; path = GreekPizza.swift; sourceTree = "<group>"; };
		5761D89119DB190E007DD786 /* PepperoniPizza.swift */ = {isa = PBXFileReference; fileEncoding = 4; lastKnownFileType = sourcecode.swift; path = PepperoniPizza.swift; sourceTree = "<group>"; };
		5761D89219DB190E007DD786 /* Pizza.swift */ = {isa = PBXFileReference; fileEncoding = 4; lastKnownFileType = sourcecode.swift; path = Pizza.swift; sourceTree = "<group>"; };
		5761D89319DB190E007DD786 /* PizzaOrder.swift */ = {isa = PBXFileReference; fileEncoding = 4; lastKnownFileType = sourcecode.swift; path = PizzaOrder.swift; sourceTree = "<group>"; };
		5761D89419DB190E007DD786 /* Character */ = {isa = PBXFileReference; fileEncoding = 4; lastKnownFileType = text; path = Character; sourceTree = "<group>"; };
		5761D89519DB190E007DD786 /* DecoyDuck.swift */ = {isa = PBXFileReference; fileEncoding = 4; lastKnownFileType = sourcecode.swift; path = DecoyDuck.swift; sourceTree = "<group>"; };
		5761D89619DB190E007DD786 /* DisplayElement.swift */ = {isa = PBXFileReference; fileEncoding = 4; lastKnownFileType = sourcecode.swift; path = DisplayElement.swift; sourceTree = "<group>"; };
		5761D89719DB190E007DD786 /* Duck.swift */ = {isa = PBXFileReference; fileEncoding = 4; lastKnownFileType = sourcecode.swift; path = Duck.swift; sourceTree = "<group>"; };
		5761D89819DB190E007DD786 /* DuckSimulator.swift */ = {isa = PBXFileReference; fileEncoding = 4; lastKnownFileType = sourcecode.swift; path = DuckSimulator.swift; sourceTree = "<group>"; };
		5761D89919DB190E007DD786 /* FlyBehavior.swift */ = {isa = PBXFileReference; fileEncoding = 4; lastKnownFileType = sourcecode.swift; path = FlyBehavior.swift; sourceTree = "<group>"; };
		5761D89A19DB190E007DD786 /* FlyNoWay.swift */ = {isa = PBXFileReference; fileEncoding = 4; lastKnownFileType = sourcecode.swift; path = FlyNoWay.swift; sourceTree = "<group>"; };
		5761D89B19DB190E007DD786 /* FlyRocketPowered.swift */ = {isa = PBXFileReference; fileEncoding = 4; lastKnownFileType = sourcecode.swift; path = FlyRocketPowered.swift; sourceTree = "<group>"; };
		5761D89C19DB190E007DD786 /* FlyWithWings.swift */ = {isa = PBXFileReference; fileEncoding = 4; lastKnownFileType = sourcecode.swift; path = FlyWithWings.swift; sourceTree = "<group>"; };
		5761D89D19DB190E007DD786 /* MallardDuck.swift */ = {isa = PBXFileReference; fileEncoding = 4; lastKnownFileType = sourcecode.swift; path = MallardDuck.swift; sourceTree = "<group>"; };
		5761D89E19DB190E007DD786 /* ModelDuck.swift */ = {isa = PBXFileReference; fileEncoding = 4; lastKnownFileType = sourcecode.swift; path = ModelDuck.swift; sourceTree = "<group>"; };
		5761D89F19DB190E007DD786 /* MuteQuack.swift */ = {isa = PBXFileReference; fileEncoding = 4; lastKnownFileType = sourcecode.swift; path = MuteQuack.swift; sourceTree = "<group>"; };
		5761D8A019DB190E007DD786 /* Quack.swift */ = {isa = PBXFileReference; fileEncoding = 4; lastKnownFileType = sourcecode.swift; path = Quack.swift; sourceTree = "<group>"; };
		5761D8A119DB190E007DD786 /* QuackBehavior.swift */ = {isa = PBXFileReference; fileEncoding = 4; lastKnownFileType = sourcecode.swift; path = QuackBehavior.swift; sourceTree = "<group>"; };
		5761D8A219DB190E007DD786 /* RedheadDuck.swift */ = {isa = PBXFileReference; fileEncoding = 4; lastKnownFileType = sourcecode.swift; path = RedheadDuck.swift; sourceTree = "<group>"; };
		5761D8A319DB190E007DD786 /* RubberDuck.swift */ = {isa = PBXFileReference; fileEncoding = 4; lastKnownFileType = sourcecode.swift; path = RubberDuck.swift; sourceTree = "<group>"; };
		5761D8A419DB190E007DD786 /* Squeak.swift */ = {isa = PBXFileReference; fileEncoding = 4; lastKnownFileType = sourcecode.swift; path = Squeak.swift; sourceTree = "<group>"; };
		5761D8A519DB190E007DD786 /* myImage.png */ = {isa = PBXFileReference; lastKnownFileType = image.png; path = myImage.png; sourceTree = "<group>"; };
		5761D8A619DB190E007DD786 /* Beverage.swift */ = {isa = PBXFileReference; fileEncoding = 4; lastKnownFileType = sourcecode.swift; path = Beverage.swift; sourceTree = "<group>"; };
		5761D8A719DB190E007DD786 /* CondimentDecorator.swift */ = {isa = PBXFileReference; fileEncoding = 4; lastKnownFileType = sourcecode.swift; path = CondimentDecorator.swift; sourceTree = "<group>"; };
		5761D8A819DB190E007DD786 /* CurrentConditionsDisplay.swift */ = {isa = PBXFileReference; fileEncoding = 4; lastKnownFileType = sourcecode.swift; path = CurrentConditionsDisplay.swift; sourceTree = "<group>"; };
		5761D8A919DB190E007DD786 /* DarkRoast.swift */ = {isa = PBXFileReference; fileEncoding = 4; lastKnownFileType = sourcecode.swift; path = DarkRoast.swift; sourceTree = "<group>"; };
		5761D8AA19DB190E007DD786 /* Decaf.swift */ = {isa = PBXFileReference; fileEncoding = 4; lastKnownFileType = sourcecode.swift; path = Decaf.swift; sourceTree = "<group>"; };
		5761D8AB19DB190E007DD786 /* Espresso.swift */ = {isa = PBXFileReference; fileEncoding = 4; lastKnownFileType = sourcecode.swift; path = Espresso.swift; sourceTree = "<group>"; };
		5761D8AC19DB190E007DD786 /* HouseBlend.swift */ = {isa = PBXFileReference; fileEncoding = 4; lastKnownFileType = sourcecode.swift; path = HouseBlend.swift; sourceTree = "<group>"; };
		5761D8AD19DB190E007DD786 /* Mocha.swift */ = {isa = PBXFileReference; fileEncoding = 4; lastKnownFileType = sourcecode.swift; path = Mocha.swift; sourceTree = "<group>"; };
		5761D8AE19DB190E007DD786 /* Size.swift */ = {isa = PBXFileReference; fileEncoding = 4; lastKnownFileType = sourcecode.swift; path = Size.swift; sourceTree = "<group>"; };
		5761D8AF19DB190E007DD786 /* Soy.swift */ = {isa = PBXFileReference; fileEncoding = 4; lastKnownFileType = sourcecode.swift; path = Soy.swift; sourceTree = "<group>"; };
		5761D8B019DB190E007DD786 /* StarbuzzCoffeeSimulator.swift */ = {isa = PBXFileReference; fileEncoding = 4; lastKnownFileType = sourcecode.swift; path = StarbuzzCoffeeSimulator.swift; sourceTree = "<group>"; };
		5761D8B119DB190E007DD786 /* SteamedMilk.swift */ = {isa = PBXFileReference; fileEncoding = 4; lastKnownFileType = sourcecode.swift; path = SteamedMilk.swift; sourceTree = "<group>"; };
		5761D8B219DB190E007DD786 /* Whip.swift */ = {isa = PBXFileReference; fileEncoding = 4; lastKnownFileType = sourcecode.swift; path = Whip.swift; sourceTree = "<group>"; };
		5761D8B319DB190E007DD786 /* ForecastDisplay.swift */ = {isa = PBXFileReference; fileEncoding = 4; lastKnownFileType = sourcecode.swift; path = ForecastDisplay.swift; sourceTree = "<group>"; };
		5761D8B419DB190E007DD786 /* HeatIndexDisplay.swift */ = {isa = PBXFileReference; fileEncoding = 4; lastKnownFileType = sourcecode.swift; path = HeatIndexDisplay.swift; sourceTree = "<group>"; };
		5761D8B519DB190E007DD786 /* Observer.swift */ = {isa = PBXFileReference; fileEncoding = 4; lastKnownFileType = sourcecode.swift; path = Observer.swift; sourceTree = "<group>"; };
		5761D8B619DB190E007DD786 /* StatisticsDisplay.swift */ = {isa = PBXFileReference; fileEncoding = 4; lastKnownFileType = sourcecode.swift; path = StatisticsDisplay.swift; sourceTree = "<group>"; };
		5761D8B719DB190E007DD786 /* Subject.swift */ = {isa = PBXFileReference; fileEncoding = 4; lastKnownFileType = sourcecode.swift; path = Subject.swift; sourceTree = "<group>"; };
		5761D8B819DB190E007DD786 /* ThirdPartyDisplay.swift */ = {isa = PBXFileReference; fileEncoding = 4; lastKnownFileType = sourcecode.swift; path = ThirdPartyDisplay.swift; sourceTree = "<group>"; };
		5761D8B919DB190E007DD786 /* WeatherData.swift */ = {isa = PBXFileReference; fileEncoding = 4; lastKnownFileType = sourcecode.swift; path = WeatherData.swift; sourceTree = "<group>"; };
		5761D8BA19DB190E007DD786 /* WeatherSimulator.swift */ = {isa = PBXFileReference; fileEncoding = 4; lastKnownFileType = sourcecode.swift; path = WeatherSimulator.swift; sourceTree = "<group>"; };
/* End PBXFileReference section */

/* Begin PBXFrameworksBuildPhase section */
		5761D86519DB1796007DD786 /* Frameworks */ = {
			isa = PBXFrameworksBuildPhase;
			buildActionMask = 2147483647;
			files = (
			);
			runOnlyForDeploymentPostprocessing = 0;
		};
		5761D87A19DB1796007DD786 /* Frameworks */ = {
			isa = PBXFrameworksBuildPhase;
			buildActionMask = 2147483647;
			files = (
			);
			runOnlyForDeploymentPostprocessing = 0;
		};
/* End PBXFrameworksBuildPhase section */

/* Begin PBXGroup section */
		5761D85F19DB1796007DD786 = {
			isa = PBXGroup;
			children = (
				5761D86A19DB1796007DD786 /* HeadFirstDesignPatterns */,
				5761D88019DB1796007DD786 /* HeadFirstDesignPatternsTests */,
				5761D86919DB1796007DD786 /* Products */,
			);
			sourceTree = "<group>";
		};
		5761D86919DB1796007DD786 /* Products */ = {
			isa = PBXGroup;
			children = (
				5761D86819DB1796007DD786 /* HeadFirstDesignPatterns.app */,
				5761D87D19DB1796007DD786 /* HeadFirstDesignPatternsTests.xctest */,
			);
			name = Products;
			sourceTree = "<group>";
		};
		5761D86A19DB1796007DD786 /* HeadFirstDesignPatterns */ = {
			isa = PBXGroup;
			children = (
				5761D88F19DB190E007DD786 /* CheesePizza.swift */,
				5761D89019DB190E007DD786 /* GreekPizza.swift */,
				5761D89119DB190E007DD786 /* PepperoniPizza.swift */,
				5761D89219DB190E007DD786 /* Pizza.swift */,
				5761D89319DB190E007DD786 /* PizzaOrder.swift */,
				5761D89419DB190E007DD786 /* Character */,
				5761D89519DB190E007DD786 /* DecoyDuck.swift */,
				5761D89619DB190E007DD786 /* DisplayElement.swift */,
				5761D89719DB190E007DD786 /* Duck.swift */,
				5761D89819DB190E007DD786 /* DuckSimulator.swift */,
				5761D89919DB190E007DD786 /* FlyBehavior.swift */,
				5761D89A19DB190E007DD786 /* FlyNoWay.swift */,
				5761D89B19DB190E007DD786 /* FlyRocketPowered.swift */,
				5761D89C19DB190E007DD786 /* FlyWithWings.swift */,
				5761D89D19DB190E007DD786 /* MallardDuck.swift */,
				5761D89E19DB190E007DD786 /* ModelDuck.swift */,
				5761D89F19DB190E007DD786 /* MuteQuack.swift */,
				5761D8A019DB190E007DD786 /* Quack.swift */,
				5761D8A119DB190E007DD786 /* QuackBehavior.swift */,
				5761D8A219DB190E007DD786 /* RedheadDuck.swift */,
				5761D8A319DB190E007DD786 /* RubberDuck.swift */,
				5761D8A419DB190E007DD786 /* Squeak.swift */,
				5761D8A519DB190E007DD786 /* myImage.png */,
				5761D8A619DB190E007DD786 /* Beverage.swift */,
				5761D8A719DB190E007DD786 /* CondimentDecorator.swift */,
				5761D8A819DB190E007DD786 /* CurrentConditionsDisplay.swift */,
				5761D8A919DB190E007DD786 /* DarkRoast.swift */,
				5761D8AA19DB190E007DD786 /* Decaf.swift */,
				5761D8AB19DB190E007DD786 /* Espresso.swift */,
				5761D8AC19DB190E007DD786 /* HouseBlend.swift */,
				5761D8AD19DB190E007DD786 /* Mocha.swift */,
				5761D8AE19DB190E007DD786 /* Size.swift */,
				5761D8AF19DB190E007DD786 /* Soy.swift */,
				5761D8B019DB190E007DD786 /* StarbuzzCoffeeSimulator.swift */,
				5761D8B119DB190E007DD786 /* SteamedMilk.swift */,
				5761D8B219DB190E007DD786 /* Whip.swift */,
				5761D8B319DB190E007DD786 /* ForecastDisplay.swift */,
				5761D8B419DB190E007DD786 /* HeatIndexDisplay.swift */,
				5761D8B519DB190E007DD786 /* Observer.swift */,
				5761D8B619DB190E007DD786 /* StatisticsDisplay.swift */,
				5761D8B719DB190E007DD786 /* Subject.swift */,
				5761D8B819DB190E007DD786 /* ThirdPartyDisplay.swift */,
				5761D8B919DB190E007DD786 /* WeatherData.swift */,
				5761D8BA19DB190E007DD786 /* WeatherSimulator.swift */,
				5761D86D19DB1796007DD786 /* AppDelegate.swift */,
				5761D88D19DB18E7007DD786 /* main.swift */,
				5761D86B19DB1796007DD786 /* Supporting Files */,
			);
			path = HeadFirstDesignPatterns;
			sourceTree = "<group>";
		};
		5761D86B19DB1796007DD786 /* Supporting Files */ = {
			isa = PBXGroup;
			children = (
				5761D86C19DB1796007DD786 /* Info.plist */,
			);
			name = "Supporting Files";
			sourceTree = "<group>";
		};
		5761D88019DB1796007DD786 /* HeadFirstDesignPatternsTests */ = {
			isa = PBXGroup;
			children = (
				5761D88319DB1796007DD786 /* HeadFirstDesignPatternsTests.swift */,
				5761D88119DB1796007DD786 /* Supporting Files */,
			);
			path = HeadFirstDesignPatternsTests;
			sourceTree = "<group>";
		};
		5761D88119DB1796007DD786 /* Supporting Files */ = {
			isa = PBXGroup;
			children = (
				5761D88219DB1796007DD786 /* Info.plist */,
			);
			name = "Supporting Files";
			sourceTree = "<group>";
		};
/* End PBXGroup section */

/* Begin PBXNativeTarget section */
		5761D86719DB1796007DD786 /* HeadFirstDesignPatterns */ = {
			isa = PBXNativeTarget;
			buildConfigurationList = 5761D88719DB1796007DD786 /* Build configuration list for PBXNativeTarget "HeadFirstDesignPatterns" */;
			buildPhases = (
				5761D86419DB1796007DD786 /* Sources */,
				5761D86519DB1796007DD786 /* Frameworks */,
				5761D86619DB1796007DD786 /* Resources */,
			);
			buildRules = (
			);
			dependencies = (
			);
			name = HeadFirstDesignPatterns;
			productName = HeadFirstDesignPatterns;
			productReference = 5761D86819DB1796007DD786 /* HeadFirstDesignPatterns.app */;
			productType = "com.apple.product-type.application";
		};
		5761D87C19DB1796007DD786 /* HeadFirstDesignPatternsTests */ = {
			isa = PBXNativeTarget;
			buildConfigurationList = 5761D88A19DB1796007DD786 /* Build configuration list for PBXNativeTarget "HeadFirstDesignPatternsTests" */;
			buildPhases = (
				5761D87919DB1796007DD786 /* Sources */,
				5761D87A19DB1796007DD786 /* Frameworks */,
				5761D87B19DB1796007DD786 /* Resources */,
			);
			buildRules = (
			);
			dependencies = (
				5761D87F19DB1796007DD786 /* PBXTargetDependency */,
			);
			name = HeadFirstDesignPatternsTests;
			productName = HeadFirstDesignPatternsTests;
			productReference = 5761D87D19DB1796007DD786 /* HeadFirstDesignPatternsTests.xctest */;
			productType = "com.apple.product-type.bundle.unit-test";
		};
/* End PBXNativeTarget section */

/* Begin PBXProject section */
		5761D86019DB1796007DD786 /* Project object */ = {
			isa = PBXProject;
			attributes = {
				LastUpgradeCheck = 0600;
				ORGANIZATIONNAME = "Victor Ursan";
				TargetAttributes = {
					5761D86719DB1796007DD786 = {
						CreatedOnToolsVersion = 6.0.1;
					};
					5761D87C19DB1796007DD786 = {
						CreatedOnToolsVersion = 6.0.1;
						TestTargetID = 5761D86719DB1796007DD786;
					};
				};
			};
			buildConfigurationList = 5761D86319DB1796007DD786 /* Build configuration list for PBXProject "HeadFirstDesignPatterns" */;
			compatibilityVersion = "Xcode 3.2";
			developmentRegion = English;
			hasScannedForEncodings = 0;
			knownRegions = (
				en,
				Base,
			);
			mainGroup = 5761D85F19DB1796007DD786;
			productRefGroup = 5761D86919DB1796007DD786 /* Products */;
			projectDirPath = "";
			projectRoot = "";
			targets = (
				5761D86719DB1796007DD786 /* HeadFirstDesignPatterns */,
				5761D87C19DB1796007DD786 /* HeadFirstDesignPatternsTests */,
			);
		};
/* End PBXProject section */

/* Begin PBXResourcesBuildPhase section */
		5761D86619DB1796007DD786 /* Resources */ = {
			isa = PBXResourcesBuildPhase;
			buildActionMask = 2147483647;
			files = (
				5761D8C019DB190E007DD786 /* Character in Resources */,
				5761D8D119DB190E007DD786 /* myImage.png in Resources */,
			);
			runOnlyForDeploymentPostprocessing = 0;
		};
		5761D87B19DB1796007DD786 /* Resources */ = {
			isa = PBXResourcesBuildPhase;
			buildActionMask = 2147483647;
			files = (
			);
			runOnlyForDeploymentPostprocessing = 0;
		};
/* End PBXResourcesBuildPhase section */

/* Begin PBXSourcesBuildPhase section */
		5761D86419DB1796007DD786 /* Sources */ = {
			isa = PBXSourcesBuildPhase;
			buildActionMask = 2147483647;
			files = (
				5761D8DA19DB190E007DD786 /* Size.swift in Sources */,
				5761D8C919DB190E007DD786 /* MallardDuck.swift in Sources */,
				5761D8C319DB190E007DD786 /* Duck.swift in Sources */,
				5761D8E219DB190E007DD786 /* StatisticsDisplay.swift in Sources */,
				5761D8C219DB190E007DD786 /* DisplayElement.swift in Sources */,
				5761D8BB19DB190E007DD786 /* CheesePizza.swift in Sources */,
				5761D8DD19DB190E007DD786 /* SteamedMilk.swift in Sources */,
				5761D8CF19DB190E007DD786 /* RubberDuck.swift in Sources */,
				5761D8DF19DB190E007DD786 /* ForecastDisplay.swift in Sources */,
				5761D8BD19DB190E007DD786 /* PepperoniPizza.swift in Sources */,
				5761D8CA19DB190E007DD786 /* ModelDuck.swift in Sources */,
				5761D8BE19DB190E007DD786 /* Pizza.swift in Sources */,
				5761D8C619DB190E007DD786 /* FlyNoWay.swift in Sources */,
				5761D8E619DB190E007DD786 /* WeatherSimulator.swift in Sources */,
				5761D88E19DB18E7007DD786 /* main.swift in Sources */,
				5761D8E119DB190E007DD786 /* Observer.swift in Sources */,
				5761D8BF19DB190E007DD786 /* PizzaOrder.swift in Sources */,
				5761D8D519DB190E007DD786 /* DarkRoast.swift in Sources */,
				5761D8D919DB190E007DD786 /* Mocha.swift in Sources */,
				5761D8CB19DB190E007DD786 /* MuteQuack.swift in Sources */,
				5761D8CD19DB190E007DD786 /* QuackBehavior.swift in Sources */,
				5761D8C819DB190E007DD786 /* FlyWithWings.swift in Sources */,
				5761D8D419DB190E007DD786 /* CurrentConditionsDisplay.swift in Sources */,
				5761D8E519DB190E007DD786 /* WeatherData.swift in Sources */,
				5761D8C719DB190E007DD786 /* FlyRocketPowered.swift in Sources */,
				5761D8DC19DB190E007DD786 /* StarbuzzCoffeeSimulator.swift in Sources */,
				5761D8C519DB190E007DD786 /* FlyBehavior.swift in Sources */,
				5761D8CC19DB190E007DD786 /* Quack.swift in Sources */,
				5761D8C119DB190E007DD786 /* DecoyDuck.swift in Sources */,
				5761D8E019DB190E007DD786 /* HeatIndexDisplay.swift in Sources */,
				5761D8D819DB190E007DD786 /* HouseBlend.swift in Sources */,
				5761D8D219DB190E007DD786 /* Beverage.swift in Sources */,
				5761D8D619DB190E007DD786 /* Decaf.swift in Sources */,
				5761D8C419DB190E007DD786 /* DuckSimulator.swift in Sources */,
				5761D8D019DB190E007DD786 /* Squeak.swift in Sources */,
				5761D86E19DB1796007DD786 /* AppDelegate.swift in Sources */,
				5761D8CE19DB190E007DD786 /* RedheadDuck.swift in Sources */,
				5761D8E419DB190E007DD786 /* ThirdPartyDisplay.swift in Sources */,
				5761D8DB19DB190E007DD786 /* Soy.swift in Sources */,
				5761D8BC19DB190E007DD786 /* GreekPizza.swift in Sources */,
				5761D8E319DB190E007DD786 /* Subject.swift in Sources */,
				5761D8DE19DB190E007DD786 /* Whip.swift in Sources */,
				5761D8D719DB190E007DD786 /* Espresso.swift in Sources */,
				5761D8D319DB190E007DD786 /* CondimentDecorator.swift in Sources */,
			);
			runOnlyForDeploymentPostprocessing = 0;
		};
		5761D87919DB1796007DD786 /* Sources */ = {
			isa = PBXSourcesBuildPhase;
			buildActionMask = 2147483647;
			files = (
				5761D88419DB1796007DD786 /* HeadFirstDesignPatternsTests.swift in Sources */,
			);
			runOnlyForDeploymentPostprocessing = 0;
		};
/* End PBXSourcesBuildPhase section */

/* Begin PBXTargetDependency section */
		5761D87F19DB1796007DD786 /* PBXTargetDependency */ = {
			isa = PBXTargetDependency;
			target = 5761D86719DB1796007DD786 /* HeadFirstDesignPatterns */;
			targetProxy = 5761D87E19DB1796007DD786 /* PBXContainerItemProxy */;
		};
/* End PBXTargetDependency section */

/* Begin XCBuildConfiguration section */
		5761D88519DB1796007DD786 /* Debug */ = {
			isa = XCBuildConfiguration;
			buildSettings = {
				ALWAYS_SEARCH_USER_PATHS = NO;
				CLANG_CXX_LANGUAGE_STANDARD = "gnu++0x";
				CLANG_CXX_LIBRARY = "libc++";
				CLANG_ENABLE_MODULES = YES;
				CLANG_ENABLE_OBJC_ARC = YES;
				CLANG_WARN_BOOL_CONVERSION = YES;
				CLANG_WARN_CONSTANT_CONVERSION = YES;
				CLANG_WARN_DIRECT_OBJC_ISA_USAGE = YES_ERROR;
				CLANG_WARN_EMPTY_BODY = YES;
				CLANG_WARN_ENUM_CONVERSION = YES;
				CLANG_WARN_INT_CONVERSION = YES;
				CLANG_WARN_OBJC_ROOT_CLASS = YES_ERROR;
				CLANG_WARN_UNREACHABLE_CODE = YES;
				CLANG_WARN__DUPLICATE_METHOD_MATCH = YES;
				"CODE_SIGN_IDENTITY[sdk=iphoneos*]" = "iPhone Developer";
				COPY_PHASE_STRIP = NO;
				ENABLE_STRICT_OBJC_MSGSEND = YES;
				GCC_C_LANGUAGE_STANDARD = gnu99;
				GCC_DYNAMIC_NO_PIC = NO;
				GCC_OPTIMIZATION_LEVEL = 0;
				GCC_PREPROCESSOR_DEFINITIONS = (
					"DEBUG=1",
					"$(inherited)",
				);
				GCC_SYMBOLS_PRIVATE_EXTERN = NO;
				GCC_WARN_64_TO_32_BIT_CONVERSION = YES;
				GCC_WARN_ABOUT_RETURN_TYPE = YES_ERROR;
				GCC_WARN_UNDECLARED_SELECTOR = YES;
				GCC_WARN_UNINITIALIZED_AUTOS = YES_AGGRESSIVE;
				GCC_WARN_UNUSED_FUNCTION = YES;
				GCC_WARN_UNUSED_VARIABLE = YES;
				IPHONEOS_DEPLOYMENT_TARGET = 8.0;
				MTL_ENABLE_DEBUG_INFO = YES;
				ONLY_ACTIVE_ARCH = YES;
				SDKROOT = iphoneos;
				SWIFT_OPTIMIZATION_LEVEL = "-Onone";
				TARGETED_DEVICE_FAMILY = "1,2";
			};
			name = Debug;
		};
		5761D88619DB1796007DD786 /* Release */ = {
			isa = XCBuildConfiguration;
			buildSettings = {
				ALWAYS_SEARCH_USER_PATHS = NO;
				CLANG_CXX_LANGUAGE_STANDARD = "gnu++0x";
				CLANG_CXX_LIBRARY = "libc++";
				CLANG_ENABLE_MODULES = YES;
				CLANG_ENABLE_OBJC_ARC = YES;
				CLANG_WARN_BOOL_CONVERSION = YES;
				CLANG_WARN_CONSTANT_CONVERSION = YES;
				CLANG_WARN_DIRECT_OBJC_ISA_USAGE = YES_ERROR;
				CLANG_WARN_EMPTY_BODY = YES;
				CLANG_WARN_ENUM_CONVERSION = YES;
				CLANG_WARN_INT_CONVERSION = YES;
				CLANG_WARN_OBJC_ROOT_CLASS = YES_ERROR;
				CLANG_WARN_UNREACHABLE_CODE = YES;
				CLANG_WARN__DUPLICATE_METHOD_MATCH = YES;
				"CODE_SIGN_IDENTITY[sdk=iphoneos*]" = "iPhone Developer";
				COPY_PHASE_STRIP = YES;
				ENABLE_NS_ASSERTIONS = NO;
				ENABLE_STRICT_OBJC_MSGSEND = YES;
				GCC_C_LANGUAGE_STANDARD = gnu99;
				GCC_WARN_64_TO_32_BIT_CONVERSION = YES;
				GCC_WARN_ABOUT_RETURN_TYPE = YES_ERROR;
				GCC_WARN_UNDECLARED_SELECTOR = YES;
				GCC_WARN_UNINITIALIZED_AUTOS = YES_AGGRESSIVE;
				GCC_WARN_UNUSED_FUNCTION = YES;
				GCC_WARN_UNUSED_VARIABLE = YES;
				IPHONEOS_DEPLOYMENT_TARGET = 8.0;
				MTL_ENABLE_DEBUG_INFO = NO;
				SDKROOT = iphoneos;
				TARGETED_DEVICE_FAMILY = "1,2";
				VALIDATE_PRODUCT = YES;
			};
			name = Release;
		};
		5761D88819DB1796007DD786 /* Debug */ = {
			isa = XCBuildConfiguration;
			buildSettings = {
				ASSETCATALOG_COMPILER_APPICON_NAME = AppIcon;
				INFOPLIST_FILE = HeadFirstDesignPatterns/Info.plist;
				LD_RUNPATH_SEARCH_PATHS = "$(inherited) @executable_path/Frameworks";
				PRODUCT_NAME = "$(TARGET_NAME)";
			};
			name = Debug;
		};
		5761D88919DB1796007DD786 /* Release */ = {
			isa = XCBuildConfiguration;
			buildSettings = {
				ASSETCATALOG_COMPILER_APPICON_NAME = AppIcon;
				INFOPLIST_FILE = HeadFirstDesignPatterns/Info.plist;
				LD_RUNPATH_SEARCH_PATHS = "$(inherited) @executable_path/Frameworks";
				PRODUCT_NAME = "$(TARGET_NAME)";
			};
			name = Release;
		};
		5761D88B19DB1796007DD786 /* Debug */ = {
			isa = XCBuildConfiguration;
			buildSettings = {
				BUNDLE_LOADER = "$(TEST_HOST)";
				FRAMEWORK_SEARCH_PATHS = (
					"$(SDKROOT)/Developer/Library/Frameworks",
					"$(inherited)",
				);
				GCC_PREPROCESSOR_DEFINITIONS = (
					"DEBUG=1",
					"$(inherited)",
				);
				INFOPLIST_FILE = HeadFirstDesignPatternsTests/Info.plist;
				LD_RUNPATH_SEARCH_PATHS = "$(inherited) @executable_path/Frameworks @loader_path/Frameworks";
				PRODUCT_NAME = "$(TARGET_NAME)";
				TEST_HOST = "$(BUILT_PRODUCTS_DIR)/HeadFirstDesignPatterns.app/HeadFirstDesignPatterns";
			};
			name = Debug;
		};
		5761D88C19DB1796007DD786 /* Release */ = {
			isa = XCBuildConfiguration;
			buildSettings = {
				BUNDLE_LOADER = "$(TEST_HOST)";
				FRAMEWORK_SEARCH_PATHS = (
					"$(SDKROOT)/Developer/Library/Frameworks",
					"$(inherited)",
				);
				INFOPLIST_FILE = HeadFirstDesignPatternsTests/Info.plist;
				LD_RUNPATH_SEARCH_PATHS = "$(inherited) @executable_path/Frameworks @loader_path/Frameworks";
				PRODUCT_NAME = "$(TARGET_NAME)";
				TEST_HOST = "$(BUILT_PRODUCTS_DIR)/HeadFirstDesignPatterns.app/HeadFirstDesignPatterns";
			};
			name = Release;
		};
/* End XCBuildConfiguration section */

/* Begin XCConfigurationList section */
		5761D86319DB1796007DD786 /* Build configuration list for PBXProject "HeadFirstDesignPatterns" */ = {
			isa = XCConfigurationList;
			buildConfigurations = (
				5761D88519DB1796007DD786 /* Debug */,
				5761D88619DB1796007DD786 /* Release */,
			);
			defaultConfigurationIsVisible = 0;
			defaultConfigurationName = Release;
		};
		5761D88719DB1796007DD786 /* Build configuration list for PBXNativeTarget "HeadFirstDesignPatterns" */ = {
			isa = XCConfigurationList;
			buildConfigurations = (
				5761D88819DB1796007DD786 /* Debug */,
				5761D88919DB1796007DD786 /* Release */,
			);
			defaultConfigurationIsVisible = 0;
		};
		5761D88A19DB1796007DD786 /* Build configuration list for PBXNativeTarget "HeadFirstDesignPatternsTests" */ = {
			isa = XCConfigurationList;
			buildConfigurations = (
				5761D88B19DB1796007DD786 /* Debug */,
				5761D88C19DB1796007DD786 /* Release */,
			);
			defaultConfigurationIsVisible = 0;
		};
/* End XCConfigurationList section */
	};
	rootObject = 5761D86019DB1796007DD786 /* Project object */;
}
